// !$*UTF8*$!
{
	archiveVersion = 1;
	classes = {
	};
	objectVersion = 50;
	objects = {

/* Begin PBXBuildFile section */
		4200D7AE2587346A00B40DF2 /* Assets.xcassets in Resources */ = {isa = PBXBuildFile; fileRef = 4200D7A52587346A00B40DF2 /* Assets.xcassets */; };
		4200D7B92587364E00B40DF2 /* PerformCardTrick.swift in Sources */ = {isa = PBXBuildFile; fileRef = 4200D7B62587364E00B40DF2 /* PerformCardTrick.swift */; };
		4200D7BA2587364E00B40DF2 /* PerformanceStart.swift in Sources */ = {isa = PBXBuildFile; fileRef = 4200D7B72587364E00B40DF2 /* PerformanceStart.swift */; };
		4200D7BB2587364E00B40DF2 /* PerformanceReady.swift in Sources */ = {isa = PBXBuildFile; fileRef = 4200D7B82587364E00B40DF2 /* PerformanceReady.swift */; };
		4200D7C12587365B00B40DF2 /* PageCell.swift in Sources */ = {isa = PBXBuildFile; fileRef = 4200D7BE2587365B00B40DF2 /* PageCell.swift */; };
		4200D7C22587365B00B40DF2 /* Page.swift in Sources */ = {isa = PBXBuildFile; fileRef = 4200D7BF2587365B00B40DF2 /* Page.swift */; };
		4200D7C32587365B00B40DF2 /* SwipingController.swift in Sources */ = {isa = PBXBuildFile; fileRef = 4200D7C02587365B00B40DF2 /* SwipingController.swift */; };
		4200D7C92587366200B40DF2 /* SetSuitChange.swift in Sources */ = {isa = PBXBuildFile; fileRef = 4200D7C62587366200B40DF2 /* SetSuitChange.swift */; };
		4200D7CA2587366200B40DF2 /* Settings.swift in Sources */ = {isa = PBXBuildFile; fileRef = 4200D7C72587366200B40DF2 /* Settings.swift */; };
		4200D7CB2587366200B40DF2 /* SettingsDataSource.swift in Sources */ = {isa = PBXBuildFile; fileRef = 4200D7C82587366200B40DF2 /* SettingsDataSource.swift */; };
		4200D7D12587366800B40DF2 /* Half.swift in Sources */ = {isa = PBXBuildFile; fileRef = 4200D7CE2587366800B40DF2 /* Half.swift */; };
		4200D7D22587366800B40DF2 /* Card.swift in Sources */ = {isa = PBXBuildFile; fileRef = 4200D7CF2587366800B40DF2 /* Card.swift */; };
		4200D7D32587366800B40DF2 /* Quarter.swift in Sources */ = {isa = PBXBuildFile; fileRef = 4200D7D02587366800B40DF2 /* Quarter.swift */; };
		4200D7E02587367F00B40DF2 /* ViewController.swift in Sources */ = {isa = PBXBuildFile; fileRef = 4200D7DE2587367F00B40DF2 /* ViewController.swift */; };
		4200D7E12587367F00B40DF2 /* AppDelegate.swift in Sources */ = {isa = PBXBuildFile; fileRef = 4200D7DF2587367F00B40DF2 /* AppDelegate.swift */; };
		4200D7EB2587384000B40DF2 /* LaunchScreen.storyboard in Resources */ = {isa = PBXBuildFile; fileRef = 4200D7E72587384000B40DF2 /* LaunchScreen.storyboard */; };
		4200D7EC2587384000B40DF2 /* Main.storyboard in Resources */ = {isa = PBXBuildFile; fileRef = 4200D7E92587384000B40DF2 /* Main.storyboard */; };
		4200D818258738E600B40DF2 /* SceneDelegate.swift in Sources */ = {isa = PBXBuildFile; fileRef = 4200D817258738E600B40DF2 /* SceneDelegate.swift */; };
		42505B6B2596F205007BEE10 /* ImageExtention.swift in Sources */ = {isa = PBXBuildFile; fileRef = 42505B682596F204007BEE10 /* ImageExtention.swift */; };
		42505B6C2596F205007BEE10 /* ImagePicker.swift in Sources */ = {isa = PBXBuildFile; fileRef = 42505B692596F204007BEE10 /* ImagePicker.swift */; };
		42505B6D2596F205007BEE10 /* ImageHandler.swift in Sources */ = {isa = PBXBuildFile; fileRef = 42505B6A2596F204007BEE10 /* ImageHandler.swift */; };
/* End PBXBuildFile section */

/* Begin PBXFileReference section */
		4200D72125872B6400B40DF2 /* 52outs.app */ = {isa = PBXFileReference; explicitFileType = wrapper.application; includeInIndex = 0; path = 52outs.app; sourceTree = BUILT_PRODUCTS_DIR; };
		4200D73225872B6600B40DF2 /* Info.plist */ = {isa = PBXFileReference; lastKnownFileType = text.plist.xml; path = Info.plist; sourceTree = "<group>"; };
		4200D73F25872C1300B40DF2 /* 52outs-Bridging-Header.h */ = {isa = PBXFileReference; lastKnownFileType = sourcecode.c.h; path = "52outs-Bridging-Header.h"; sourceTree = "<group>"; };
		4200D7A52587346A00B40DF2 /* Assets.xcassets */ = {isa = PBXFileReference; lastKnownFileType = folder.assetcatalog; path = Assets.xcassets; sourceTree = "<group>"; };
		4200D7B62587364E00B40DF2 /* PerformCardTrick.swift */ = {isa = PBXFileReference; fileEncoding = 4; lastKnownFileType = sourcecode.swift; path = PerformCardTrick.swift; sourceTree = "<group>"; };
		4200D7B72587364E00B40DF2 /* PerformanceStart.swift */ = {isa = PBXFileReference; fileEncoding = 4; lastKnownFileType = sourcecode.swift; path = PerformanceStart.swift; sourceTree = "<group>"; };
		4200D7B82587364E00B40DF2 /* PerformanceReady.swift */ = {isa = PBXFileReference; fileEncoding = 4; lastKnownFileType = sourcecode.swift; path = PerformanceReady.swift; sourceTree = "<group>"; };
		4200D7BE2587365B00B40DF2 /* PageCell.swift */ = {isa = PBXFileReference; fileEncoding = 4; lastKnownFileType = sourcecode.swift; path = PageCell.swift; sourceTree = "<group>"; };
		4200D7BF2587365B00B40DF2 /* Page.swift */ = {isa = PBXFileReference; fileEncoding = 4; lastKnownFileType = sourcecode.swift; path = Page.swift; sourceTree = "<group>"; };
		4200D7C02587365B00B40DF2 /* SwipingController.swift */ = {isa = PBXFileReference; fileEncoding = 4; lastKnownFileType = sourcecode.swift; path = SwipingController.swift; sourceTree = "<group>"; };
		4200D7C62587366200B40DF2 /* SetSuitChange.swift */ = {isa = PBXFileReference; fileEncoding = 4; lastKnownFileType = sourcecode.swift; path = SetSuitChange.swift; sourceTree = "<group>"; };
		4200D7C72587366200B40DF2 /* Settings.swift */ = {isa = PBXFileReference; fileEncoding = 4; lastKnownFileType = sourcecode.swift; path = Settings.swift; sourceTree = "<group>"; };
		4200D7C82587366200B40DF2 /* SettingsDataSource.swift */ = {isa = PBXFileReference; fileEncoding = 4; lastKnownFileType = sourcecode.swift; path = SettingsDataSource.swift; sourceTree = "<group>"; };
		4200D7CE2587366800B40DF2 /* Half.swift */ = {isa = PBXFileReference; fileEncoding = 4; lastKnownFileType = sourcecode.swift; path = Half.swift; sourceTree = "<group>"; };
		4200D7CF2587366800B40DF2 /* Card.swift */ = {isa = PBXFileReference; fileEncoding = 4; lastKnownFileType = sourcecode.swift; path = Card.swift; sourceTree = "<group>"; };
		4200D7D02587366800B40DF2 /* Quarter.swift */ = {isa = PBXFileReference; fileEncoding = 4; lastKnownFileType = sourcecode.swift; path = Quarter.swift; sourceTree = "<group>"; };
		4200D7DE2587367F00B40DF2 /* ViewController.swift */ = {isa = PBXFileReference; fileEncoding = 4; lastKnownFileType = sourcecode.swift; path = ViewController.swift; sourceTree = "<group>"; };
		4200D7DF2587367F00B40DF2 /* AppDelegate.swift */ = {isa = PBXFileReference; fileEncoding = 4; lastKnownFileType = sourcecode.swift; path = AppDelegate.swift; sourceTree = "<group>"; };
		4200D7E82587384000B40DF2 /* Base */ = {isa = PBXFileReference; lastKnownFileType = file.storyboard; name = Base; path = LaunchScreen.storyboard; sourceTree = "<group>"; };
		4200D7EA2587384000B40DF2 /* Base */ = {isa = PBXFileReference; lastKnownFileType = file.storyboard; name = Base; path = Main.storyboard; sourceTree = "<group>"; };
		4200D817258738E600B40DF2 /* SceneDelegate.swift */ = {isa = PBXFileReference; lastKnownFileType = sourcecode.swift; path = SceneDelegate.swift; sourceTree = "<group>"; };
		42505B682596F204007BEE10 /* ImageExtention.swift */ = {isa = PBXFileReference; fileEncoding = 4; lastKnownFileType = sourcecode.swift; path = ImageExtention.swift; sourceTree = "<group>"; };
		42505B692596F204007BEE10 /* ImagePicker.swift */ = {isa = PBXFileReference; fileEncoding = 4; lastKnownFileType = sourcecode.swift; path = ImagePicker.swift; sourceTree = "<group>"; };
		42505B6A2596F204007BEE10 /* ImageHandler.swift */ = {isa = PBXFileReference; fileEncoding = 4; lastKnownFileType = sourcecode.swift; path = ImageHandler.swift; sourceTree = "<group>"; };
/* End PBXFileReference section */

/* Begin PBXFrameworksBuildPhase section */
		4200D71E25872B6400B40DF2 /* Frameworks */ = {
			isa = PBXFrameworksBuildPhase;
			buildActionMask = 2147483647;
			files = (
			);
			runOnlyForDeploymentPostprocessing = 0;
		};
/* End PBXFrameworksBuildPhase section */

/* Begin PBXGroup section */
		4200D71825872B6400B40DF2 = {
			isa = PBXGroup;
			children = (
				4200D72325872B6400B40DF2 /* 52outs */,
				4200D72225872B6400B40DF2 /* Products */,
			);
			sourceTree = "<group>";
		};
		4200D72225872B6400B40DF2 /* Products */ = {
			isa = PBXGroup;
			children = (
				4200D72125872B6400B40DF2 /* 52outs.app */,
			);
			name = Products;
			sourceTree = "<group>";
		};
		4200D72325872B6400B40DF2 /* 52outs */ = {
			isa = PBXGroup;
			children = (
				42505B672596F204007BEE10 /* Image */,
				4200D7E62587384000B40DF2 /* Base.lproj */,
				4200D7DD2587367F00B40DF2 /* Launch */,
				4200D7CD2587366800B40DF2 /* Folds */,
				4200D7C52587366200B40DF2 /* Setting */,
				4200D7BD2587365B00B40DF2 /* Instructions */,
				4200D7B52587364E00B40DF2 /* Performance */,
				4200D7A52587346A00B40DF2 /* Assets.xcassets */,
				4200D73225872B6600B40DF2 /* Info.plist */,
				4200D73F25872C1300B40DF2 /* 52outs-Bridging-Header.h */,
			);
			path = 52outs;
			sourceTree = "<group>";
		};
		4200D7B52587364E00B40DF2 /* Performance */ = {
			isa = PBXGroup;
			children = (
				4200D7B62587364E00B40DF2 /* PerformCardTrick.swift */,
				4200D7B72587364E00B40DF2 /* PerformanceStart.swift */,
				4200D7B82587364E00B40DF2 /* PerformanceReady.swift */,
			);
			path = Performance;
			sourceTree = "<group>";
		};
		4200D7BD2587365B00B40DF2 /* Instructions */ = {
			isa = PBXGroup;
			children = (
				4200D7BE2587365B00B40DF2 /* PageCell.swift */,
				4200D7BF2587365B00B40DF2 /* Page.swift */,
				4200D7C02587365B00B40DF2 /* SwipingController.swift */,
			);
			path = Instructions;
			sourceTree = "<group>";
		};
		4200D7C52587366200B40DF2 /* Setting */ = {
			isa = PBXGroup;
			children = (
				4200D7C62587366200B40DF2 /* SetSuitChange.swift */,
				4200D7C72587366200B40DF2 /* Settings.swift */,
				4200D7C82587366200B40DF2 /* SettingsDataSource.swift */,
			);
			path = Setting;
			sourceTree = "<group>";
		};
		4200D7CD2587366800B40DF2 /* Folds */ = {
			isa = PBXGroup;
			children = (
				4200D7CE2587366800B40DF2 /* Half.swift */,
				4200D7CF2587366800B40DF2 /* Card.swift */,
				4200D7D02587366800B40DF2 /* Quarter.swift */,
			);
			path = Folds;
			sourceTree = "<group>";
		};
		4200D7DD2587367F00B40DF2 /* Launch */ = {
			isa = PBXGroup;
			children = (
				4200D7DE2587367F00B40DF2 /* ViewController.swift */,
				4200D7DF2587367F00B40DF2 /* AppDelegate.swift */,
				4200D817258738E600B40DF2 /* SceneDelegate.swift */,
			);
			path = Launch;
			sourceTree = "<group>";
		};
		4200D7E62587384000B40DF2 /* Base.lproj */ = {
			isa = PBXGroup;
			children = (
				4200D7E72587384000B40DF2 /* LaunchScreen.storyboard */,
				4200D7E92587384000B40DF2 /* Main.storyboard */,
			);
			path = Base.lproj;
			sourceTree = "<group>";
		};
		42505B672596F204007BEE10 /* Image */ = {
			isa = PBXGroup;
			children = (
				42505B682596F204007BEE10 /* ImageExtention.swift */,
				42505B692596F204007BEE10 /* ImagePicker.swift */,
				42505B6A2596F204007BEE10 /* ImageHandler.swift */,
			);
			path = Image;
			sourceTree = "<group>";
		};
/* End PBXGroup section */

/* Begin PBXNativeTarget section */
		4200D72025872B6400B40DF2 /* 52outs */ = {
			isa = PBXNativeTarget;
			buildConfigurationList = 4200D73525872B6600B40DF2 /* Build configuration list for PBXNativeTarget "52outs" */;
			buildPhases = (
				4200D71D25872B6400B40DF2 /* Sources */,
				4200D71E25872B6400B40DF2 /* Frameworks */,
				4200D71F25872B6400B40DF2 /* Resources */,
			);
			buildRules = (
			);
			dependencies = (
			);
			name = 52outs;
			productName = 52outs;
			productReference = 4200D72125872B6400B40DF2 /* 52outs.app */;
			productType = "com.apple.product-type.application";
		};
/* End PBXNativeTarget section */

/* Begin PBXProject section */
		4200D71925872B6400B40DF2 /* Project object */ = {
			isa = PBXProject;
			attributes = {
				LastSwiftUpdateCheck = 1220;
				LastUpgradeCheck = 1220;
				TargetAttributes = {
					4200D72025872B6400B40DF2 = {
						CreatedOnToolsVersion = 12.2;
						LastSwiftMigration = 1220;
					};
				};
			};
			buildConfigurationList = 4200D71C25872B6400B40DF2 /* Build configuration list for PBXProject "52outs" */;
			compatibilityVersion = "Xcode 9.3";
			developmentRegion = en;
			hasScannedForEncodings = 0;
			knownRegions = (
				en,
				Base,
			);
			mainGroup = 4200D71825872B6400B40DF2;
			productRefGroup = 4200D72225872B6400B40DF2 /* Products */;
			projectDirPath = "";
			projectRoot = "";
			targets = (
				4200D72025872B6400B40DF2 /* 52outs */,
			);
		};
/* End PBXProject section */

/* Begin PBXResourcesBuildPhase section */
		4200D71F25872B6400B40DF2 /* Resources */ = {
			isa = PBXResourcesBuildPhase;
			buildActionMask = 2147483647;
			files = (
				4200D7EC2587384000B40DF2 /* Main.storyboard in Resources */,
				4200D7AE2587346A00B40DF2 /* Assets.xcassets in Resources */,
				4200D7EB2587384000B40DF2 /* LaunchScreen.storyboard in Resources */,
			);
			runOnlyForDeploymentPostprocessing = 0;
		};
/* End PBXResourcesBuildPhase section */

/* Begin PBXSourcesBuildPhase section */
		4200D71D25872B6400B40DF2 /* Sources */ = {
			isa = PBXSourcesBuildPhase;
			buildActionMask = 2147483647;
			files = (
				42505B6B2596F205007BEE10 /* ImageExtention.swift in Sources */,
				4200D7D32587366800B40DF2 /* Quarter.swift in Sources */,
				4200D7B92587364E00B40DF2 /* PerformCardTrick.swift in Sources */,
				42505B6C2596F205007BEE10 /* ImagePicker.swift in Sources */,
				4200D7BA2587364E00B40DF2 /* PerformanceStart.swift in Sources */,
				4200D7CA2587366200B40DF2 /* Settings.swift in Sources */,
				4200D818258738E600B40DF2 /* SceneDelegate.swift in Sources */,
				4200D7C12587365B00B40DF2 /* PageCell.swift in Sources */,
				4200D7BB2587364E00B40DF2 /* PerformanceReady.swift in Sources */,
				4200D7C22587365B00B40DF2 /* Page.swift in Sources */,
				4200D7D12587366800B40DF2 /* Half.swift in Sources */,
				4200D7C32587365B00B40DF2 /* SwipingController.swift in Sources */,
				4200D7CB2587366200B40DF2 /* SettingsDataSource.swift in Sources */,
				4200D7C92587366200B40DF2 /* SetSuitChange.swift in Sources */,
				4200D7E02587367F00B40DF2 /* ViewController.swift in Sources */,
				4200D7E12587367F00B40DF2 /* AppDelegate.swift in Sources */,
				42505B6D2596F205007BEE10 /* ImageHandler.swift in Sources */,
				4200D7D22587366800B40DF2 /* Card.swift in Sources */,
			);
			runOnlyForDeploymentPostprocessing = 0;
		};
/* End PBXSourcesBuildPhase section */

/* Begin PBXVariantGroup section */
		4200D7E72587384000B40DF2 /* LaunchScreen.storyboard */ = {
			isa = PBXVariantGroup;
			children = (
				4200D7E82587384000B40DF2 /* Base */,
			);
			name = LaunchScreen.storyboard;
			sourceTree = "<group>";
		};
		4200D7E92587384000B40DF2 /* Main.storyboard */ = {
			isa = PBXVariantGroup;
			children = (
				4200D7EA2587384000B40DF2 /* Base */,
			);
			name = Main.storyboard;
			sourceTree = "<group>";
		};
/* End PBXVariantGroup section */

/* Begin XCBuildConfiguration section */
		4200D73325872B6600B40DF2 /* Debug */ = {
			isa = XCBuildConfiguration;
			buildSettings = {
				ALWAYS_SEARCH_USER_PATHS = NO;
				CLANG_ANALYZER_NONNULL = YES;
				CLANG_ANALYZER_NUMBER_OBJECT_CONVERSION = YES_AGGRESSIVE;
				CLANG_CXX_LANGUAGE_STANDARD = "gnu++14";
				CLANG_CXX_LIBRARY = "libc++";
				CLANG_ENABLE_MODULES = YES;
				CLANG_ENABLE_OBJC_ARC = YES;
				CLANG_ENABLE_OBJC_WEAK = YES;
				CLANG_WARN_BLOCK_CAPTURE_AUTORELEASING = YES;
				CLANG_WARN_BOOL_CONVERSION = YES;
				CLANG_WARN_COMMA = YES;
				CLANG_WARN_CONSTANT_CONVERSION = YES;
				CLANG_WARN_DEPRECATED_OBJC_IMPLEMENTATIONS = YES;
				CLANG_WARN_DIRECT_OBJC_ISA_USAGE = YES_ERROR;
				CLANG_WARN_DOCUMENTATION_COMMENTS = YES;
				CLANG_WARN_EMPTY_BODY = YES;
				CLANG_WARN_ENUM_CONVERSION = YES;
				CLANG_WARN_INFINITE_RECURSION = YES;
				CLANG_WARN_INT_CONVERSION = YES;
				CLANG_WARN_NON_LITERAL_NULL_CONVERSION = YES;
				CLANG_WARN_OBJC_IMPLICIT_RETAIN_SELF = YES;
				CLANG_WARN_OBJC_LITERAL_CONVERSION = YES;
				CLANG_WARN_OBJC_ROOT_CLASS = YES_ERROR;
				CLANG_WARN_QUOTED_INCLUDE_IN_FRAMEWORK_HEADER = YES;
				CLANG_WARN_RANGE_LOOP_ANALYSIS = YES;
				CLANG_WARN_STRICT_PROTOTYPES = YES;
				CLANG_WARN_SUSPICIOUS_MOVE = YES;
				CLANG_WARN_UNGUARDED_AVAILABILITY = YES_AGGRESSIVE;
				CLANG_WARN_UNREACHABLE_CODE = YES;
				CLANG_WARN__DUPLICATE_METHOD_MATCH = YES;
				COPY_PHASE_STRIP = NO;
				DEBUG_INFORMATION_FORMAT = dwarf;
				ENABLE_STRICT_OBJC_MSGSEND = YES;
				ENABLE_TESTABILITY = YES;
				GCC_C_LANGUAGE_STANDARD = gnu11;
				GCC_DYNAMIC_NO_PIC = NO;
				GCC_NO_COMMON_BLOCKS = YES;
				GCC_OPTIMIZATION_LEVEL = 0;
				GCC_PREPROCESSOR_DEFINITIONS = (
					"DEBUG=1",
					"$(inherited)",
				);
				GCC_WARN_64_TO_32_BIT_CONVERSION = YES;
				GCC_WARN_ABOUT_RETURN_TYPE = YES_ERROR;
				GCC_WARN_UNDECLARED_SELECTOR = YES;
				GCC_WARN_UNINITIALIZED_AUTOS = YES_AGGRESSIVE;
				GCC_WARN_UNUSED_FUNCTION = YES;
				GCC_WARN_UNUSED_VARIABLE = YES;
				IPHONEOS_DEPLOYMENT_TARGET = 14.2;
				MTL_ENABLE_DEBUG_INFO = INCLUDE_SOURCE;
				MTL_FAST_MATH = YES;
				ONLY_ACTIVE_ARCH = YES;
				SDKROOT = iphoneos;
				SWIFT_ACTIVE_COMPILATION_CONDITIONS = DEBUG;
				SWIFT_OPTIMIZATION_LEVEL = "-Onone";
			};
			name = Debug;
		};
		4200D73425872B6600B40DF2 /* Release */ = {
			isa = XCBuildConfiguration;
			buildSettings = {
				ALWAYS_SEARCH_USER_PATHS = NO;
				CLANG_ANALYZER_NONNULL = YES;
				CLANG_ANALYZER_NUMBER_OBJECT_CONVERSION = YES_AGGRESSIVE;
				CLANG_CXX_LANGUAGE_STANDARD = "gnu++14";
				CLANG_CXX_LIBRARY = "libc++";
				CLANG_ENABLE_MODULES = YES;
				CLANG_ENABLE_OBJC_ARC = YES;
				CLANG_ENABLE_OBJC_WEAK = YES;
				CLANG_WARN_BLOCK_CAPTURE_AUTORELEASING = YES;
				CLANG_WARN_BOOL_CONVERSION = YES;
				CLANG_WARN_COMMA = YES;
				CLANG_WARN_CONSTANT_CONVERSION = YES;
				CLANG_WARN_DEPRECATED_OBJC_IMPLEMENTATIONS = YES;
				CLANG_WARN_DIRECT_OBJC_ISA_USAGE = YES_ERROR;
				CLANG_WARN_DOCUMENTATION_COMMENTS = YES;
				CLANG_WARN_EMPTY_BODY = YES;
				CLANG_WARN_ENUM_CONVERSION = YES;
				CLANG_WARN_INFINITE_RECURSION = YES;
				CLANG_WARN_INT_CONVERSION = YES;
				CLANG_WARN_NON_LITERAL_NULL_CONVERSION = YES;
				CLANG_WARN_OBJC_IMPLICIT_RETAIN_SELF = YES;
				CLANG_WARN_OBJC_LITERAL_CONVERSION = YES;
				CLANG_WARN_OBJC_ROOT_CLASS = YES_ERROR;
				CLANG_WARN_QUOTED_INCLUDE_IN_FRAMEWORK_HEADER = YES;
				CLANG_WARN_RANGE_LOOP_ANALYSIS = YES;
				CLANG_WARN_STRICT_PROTOTYPES = YES;
				CLANG_WARN_SUSPICIOUS_MOVE = YES;
				CLANG_WARN_UNGUARDED_AVAILABILITY = YES_AGGRESSIVE;
				CLANG_WARN_UNREACHABLE_CODE = YES;
				CLANG_WARN__DUPLICATE_METHOD_MATCH = YES;
				COPY_PHASE_STRIP = NO;
				DEBUG_INFORMATION_FORMAT = "dwarf-with-dsym";
				ENABLE_NS_ASSERTIONS = NO;
				ENABLE_STRICT_OBJC_MSGSEND = YES;
				GCC_C_LANGUAGE_STANDARD = gnu11;
				GCC_NO_COMMON_BLOCKS = YES;
				GCC_WARN_64_TO_32_BIT_CONVERSION = YES;
				GCC_WARN_ABOUT_RETURN_TYPE = YES_ERROR;
				GCC_WARN_UNDECLARED_SELECTOR = YES;
				GCC_WARN_UNINITIALIZED_AUTOS = YES_AGGRESSIVE;
				GCC_WARN_UNUSED_FUNCTION = YES;
				GCC_WARN_UNUSED_VARIABLE = YES;
				IPHONEOS_DEPLOYMENT_TARGET = 14.2;
				MTL_ENABLE_DEBUG_INFO = NO;
				MTL_FAST_MATH = YES;
				SDKROOT = iphoneos;
				SWIFT_COMPILATION_MODE = wholemodule;
				SWIFT_OPTIMIZATION_LEVEL = "-O";
				VALIDATE_PRODUCT = YES;
			};
			name = Release;
		};
		4200D73625872B6600B40DF2 /* Debug */ = {
			isa = XCBuildConfiguration;
			buildSettings = {
				ASSETCATALOG_COMPILER_APPICON_NAME = AppIcon;
				ASSETCATALOG_COMPILER_GLOBAL_ACCENT_COLOR_NAME = AccentColor;
				CLANG_ENABLE_MODULES = YES;
				CODE_SIGN_STYLE = Automatic;
				DEVELOPMENT_TEAM = 3JKCHWQ32F;
				INFOPLIST_FILE = 52outs/Info.plist;
				IPHONEOS_DEPLOYMENT_TARGET = 14.2;
				LD_RUNPATH_SEARCH_PATHS = (
					"$(inherited)",
					"@executable_path/Frameworks",
				);
				PRODUCT_BUNDLE_IDENTIFIER = "com.LaurentMagic.-2outs";
				PRODUCT_NAME = "$(TARGET_NAME)";
				SWIFT_OBJC_BRIDGING_HEADER = "52outs/52outs-Bridging-Header.h";
				SWIFT_OPTIMIZATION_LEVEL = "-Onone";
				SWIFT_VERSION = 5.0;
				TARGETED_DEVICE_FAMILY = 1;
			};
			name = Debug;
		};
		4200D73725872B6600B40DF2 /* Release */ = {
			isa = XCBuildConfiguration;
			buildSettings = {
				ASSETCATALOG_COMPILER_APPICON_NAME = AppIcon;
				ASSETCATALOG_COMPILER_GLOBAL_ACCENT_COLOR_NAME = AccentColor;
				CLANG_ENABLE_MODULES = YES;
				CODE_SIGN_STYLE = Automatic;
				DEVELOPMENT_TEAM = 3JKCHWQ32F;
				INFOPLIST_FILE = 52outs/Info.plist;
				IPHONEOS_DEPLOYMENT_TARGET = 14.2;
				LD_RUNPATH_SEARCH_PATHS = (
					"$(inherited)",
					"@executable_path/Frameworks",
				);
				PRODUCT_BUNDLE_IDENTIFIER = "com.LaurentMagic.-2outs";
				PRODUCT_NAME = "$(TARGET_NAME)";
				SWIFT_OBJC_BRIDGING_HEADER = "52outs/52outs-Bridging-Header.h";
				SWIFT_VERSION = 5.0;
				TARGETED_DEVICE_FAMILY = 1;
			};
			name = Release;
		};
/* End XCBuildConfiguration section */

/* Begin XCConfigurationList section */
		4200D71C25872B6400B40DF2 /* Build configuration list for PBXProject "52outs" */ = {
			isa = XCConfigurationList;
			buildConfigurations = (
				4200D73325872B6600B40DF2 /* Debug */,
				4200D73425872B6600B40DF2 /* Release */,
			);
			defaultConfigurationIsVisible = 0;
			defaultConfigurationName = Release;
		};
		4200D73525872B6600B40DF2 /* Build configuration list for PBXNativeTarget "52outs" */ = {
			isa = XCConfigurationList;
			buildConfigurations = (
				4200D73625872B6600B40DF2 /* Debug */,
				4200D73725872B6600B40DF2 /* Release */,
			);
			defaultConfigurationIsVisible = 0;
			defaultConfigurationName = Release;
		};
/* End XCConfigurationList section */
	};
	rootObject = 4200D71925872B6400B40DF2 /* Project object */;
}
